
Microsoft Visual Studio Solution File, Format Version 11.00
# Visual Studio 2010
Project("{FAE04EC0-301F-11D3-BF4B-00C04F79EFBC}") = "Connect4Challenge.ConsoleApp", "Connect4Challenge.ConsoleApp\Connect4Challenge.ConsoleApp.csproj", "{38760386-B388-4576-AABC-A4A3C5B008A7}"
EndProject
Project("{FAE04EC0-301F-11D3-BF4B-00C04F79EFBC}") = "Connect4Challenge.Logic", "Connect4Challenge.Logic\Connect4Challenge.Logic.csproj", "{868FDF9E-B144-4D2E-AF29-F4053600489D}"
EndProject
Project("{FAE04EC0-301F-11D3-BF4B-00C04F79EFBC}") = "Connect4Challenge.Tests", "Connect4Challenge.Tests\Connect4Challenge.Tests.csproj", "{5DF19A67-B54B-4768-903B-579C3D9D3989}"
EndProject
Global
	GlobalSection(SolutionConfigurationPlatforms) = preSolution
		Debug|Any CPU = Debug|Any CPU
		Debug|Mixed Platforms = Debug|Mixed Platforms
		Debug|x86 = Debug|x86
		Release|Any CPU = Release|Any CPU
		Release|Mixed Platforms = Release|Mixed Platforms
		Release|x86 = Release|x86
	EndGlobalSection
	GlobalSection(ProjectConfigurationPlatforms) = postSolution
		{38760386-B388-4576-AABC-A4A3C5B008A7}.Debug|Any CPU.ActiveCfg = Debug|x86
		{38760386-B388-4576-AABC-A4A3C5B008A7}.Debug|Mixed Platforms.ActiveCfg = Debug|x86
		{38760386-B388-4576-AABC-A4A3C5B008A7}.Debug|Mixed Platforms.Build.0 = Debug|x86
		{38760386-B388-4576-AABC-A4A3C5B008A7}.Debug|x86.ActiveCfg = Debug|x86
		{38760386-B388-4576-AABC-A4A3C5B008A7}.Debug|x86.Build.0 = Debug|x86
		{38760386-B388-4576-AABC-A4A3C5B008A7}.Release|Any CPU.ActiveCfg = Release|x86
		{38760386-B388-4576-AABC-A4A3C5B008A7}.Release|Mixed Platforms.ActiveCfg = Release|x86
		{38760386-B388-4576-AABC-A4A3C5B008A7}.Release|Mixed Platforms.Build.0 = Release|x86
		{38760386-B388-4576-AABC-A4A3C5B008A7}.Release|x86.ActiveCfg = Release|x86
		{38760386-B388-4576-AABC-A4A3C5B008A7}.Release|x86.Build.0 = Release|x86
		{868FDF9E-B144-4D2E-AF29-F4053600489D}.Debug|Any CPU.ActiveCfg = Debug|Any CPU
		{868FDF9E-B144-4D2E-AF29-F4053600489D}.Debug|Any CPU.Build.0 = Debug|Any CPU
		{868FDF9E-B144-4D2E-AF29-F4053600489D}.Debug|Mixed Platforms.ActiveCfg = Debug|Any CPU
		{868FDF9E-B144-4D2E-AF29-F4053600489D}.Debug|Mixed Platforms.Build.0 = Debug|Any CPU
		{868FDF9E-B144-4D2E-AF29-F4053600489D}.Debug|x86.ActiveCfg = Debug|Any CPU
		{868FDF9E-B144-4D2E-AF29-F4053600489D}.Release|Any CPU.ActiveCfg = Release|Any CPU
		{868FDF9E-B144-4D2E-AF29-F4053600489D}.Release|Any CPU.Build.0 = Release|Any CPU
		{868FDF9E-B144-4D2E-AF29-F4053600489D}.Release|Mixed Platforms.ActiveCfg = Release|Any CPU
		{868FDF9E-B144-4D2E-AF29-F4053600489D}.Release|Mixed Platforms.Build.0 = Release|Any CPU
		{868FDF9E-B144-4D2E-AF29-F4053600489D}.Release|x86.ActiveCfg = Release|Any CPU
		{5DF19A67-B54B-4768-903B-579C3D9D3989}.Debug|Any CPU.ActiveCfg = Debug|Any CPU
		{5DF19A67-B54B-4768-903B-579C3D9D3989}.Debug|Any CPU.Build.0 = Debug|Any CPU
		{5DF19A67-B54B-4768-903B-579C3D9D3989}.Debug|Mixed Platforms.ActiveCfg = Debug|Any CPU
		{5DF19A67-B54B-4768-903B-579C3D9D3989}.Debug|Mixed Platforms.Build.0 = Debug|Any CPU
		{5DF19A67-B54B-4768-903B-579C3D9D3989}.Debug|x86.ActiveCfg = Debug|Any CPU
		{5DF19A67-B54B-4768-903B-579C3D9D3989}.Release|Any CPU.ActiveCfg = Release|Any CPU
		{5DF19A67-B54B-4768-903B-579C3D9D3989}.Release|Any CPU.Build.0 = Release|Any CPU
		{5DF19A67-B54B-4768-903B-579C3D9D3989}.Release|Mixed Platforms.ActiveCfg = Release|Any CPU
		{5DF19A67-B54B-4768-903B-579C3D9D3989}.Release|Mixed Platforms.Build.0 = Release|Any CPU
		{5DF19A67-B54B-4768-903B-579C3D9D3989}.Release|x86.ActiveCfg = Release|Any CPU
	EndGlobalSection
	GlobalSection(SolutionProperties) = preSolution
		HideSolutionNode = FALSE
	EndGlobalSection
EndGlobal
